// !$*UTF8*$!
{
	archiveVersion = 1;
	classes = {
	};
	objectVersion = 46;
	objects = {

/* Begin PBXBuildFile section */
		2290079016121D7B00C90A5A /* Default-568h@2x.png in Resources */ = {isa = PBXBuildFile; fileRef = 2290078F16121D7B00C90A5A /* Default-568h@2x.png */; };
		229EE8251420F2520023754E /* StoreKit.framework in Frameworks */ = {isa = PBXBuildFile; fileRef = 229EE8241420F2520023754E /* StoreKit.framework */; };
		22E003291415B5C300D96D3F /* UIKit.framework in Frameworks */ = {isa = PBXBuildFile; fileRef = 22E003281415B5C300D96D3F /* UIKit.framework */; };
		22E0032B1415B5C300D96D3F /* Foundation.framework in Frameworks */ = {isa = PBXBuildFile; fileRef = 22E0032A1415B5C300D96D3F /* Foundation.framework */; };
		22E0032D1415B5C300D96D3F /* CoreGraphics.framework in Frameworks */ = {isa = PBXBuildFile; fileRef = 22E0032C1415B5C300D96D3F /* CoreGraphics.framework */; };
		22E003331415B5C300D96D3F /* InfoPlist.strings in Resources */ = {isa = PBXBuildFile; fileRef = 22E003311415B5C300D96D3F /* InfoPlist.strings */; };
		22E003361415B5C300D96D3F /* main.m in Sources */ = {isa = PBXBuildFile; fileRef = 22E003351415B5C300D96D3F /* main.m */; };
		22E003391415B5C300D96D3F /* Kata_PlusAppDelegate.m in Sources */ = {isa = PBXBuildFile; fileRef = 22E003381415B5C300D96D3F /* Kata_PlusAppDelegate.m */; };
		22E0033F1415B5C300D96D3F /* RootViewController.m in Sources */ = {isa = PBXBuildFile; fileRef = 22E0033E1415B5C300D96D3F /* RootViewController.m */; };
		22E003491415B5C300D96D3F /* UIKit.framework in Frameworks */ = {isa = PBXBuildFile; fileRef = 22E003281415B5C300D96D3F /* UIKit.framework */; };
		22E0034A1415B5C300D96D3F /* Foundation.framework in Frameworks */ = {isa = PBXBuildFile; fileRef = 22E0032A1415B5C300D96D3F /* Foundation.framework */; };
		22E0034B1415B5C300D96D3F /* CoreGraphics.framework in Frameworks */ = {isa = PBXBuildFile; fileRef = 22E0032C1415B5C300D96D3F /* CoreGraphics.framework */; };
		22E003531415B5C300D96D3F /* InfoPlist.strings in Resources */ = {isa = PBXBuildFile; fileRef = 22E003511415B5C300D96D3F /* InfoPlist.strings */; };
		22E003561415B5C300D96D3F /* Kata_PlusTests.h in Resources */ = {isa = PBXBuildFile; fileRef = 22E003551415B5C300D96D3F /* Kata_PlusTests.h */; };
		22E003581415B5C300D96D3F /* Kata_PlusTests.m in Sources */ = {isa = PBXBuildFile; fileRef = 22E003571415B5C300D96D3F /* Kata_PlusTests.m */; };
		22E003701415B75800D96D3F /* Kata.m in Sources */ = {isa = PBXBuildFile; fileRef = 22E003671415B75800D96D3F /* Kata.m */; };
		22E003711415B75800D96D3F /* DetailController.m in Sources */ = {isa = PBXBuildFile; fileRef = 22E003691415B75800D96D3F /* DetailController.m */; };
		22E003721415B75800D96D3F /* AddNewController.m in Sources */ = {isa = PBXBuildFile; fileRef = 22E0036B1415B75800D96D3F /* AddNewController.m */; };
		22E003731415B75800D96D3F /* AboutController.m in Sources */ = {isa = PBXBuildFile; fileRef = 22E0036D1415B75800D96D3F /* AboutController.m */; };
		22E003741415B75800D96D3F /* UITableViewCellFixed.m in Sources */ = {isa = PBXBuildFile; fileRef = 22E0036F1415B75800D96D3F /* UITableViewCellFixed.m */; };
		22E003851415B7A600D96D3F /* iTunesArtwork in Resources */ = {isa = PBXBuildFile; fileRef = 22E003761415B7A600D96D3F /* iTunesArtwork */; };
		22E003861415B7A600D96D3F /* Icon.png in Resources */ = {isa = PBXBuildFile; fileRef = 22E003771415B7A600D96D3F /* Icon.png */; };
		22E003871415B7A600D96D3F /* Icon@2x.png in Resources */ = {isa = PBXBuildFile; fileRef = 22E003781415B7A600D96D3F /* Icon@2x.png */; };
		22E003881415B7A600D96D3F /* Icon-72.png in Resources */ = {isa = PBXBuildFile; fileRef = 22E003791415B7A600D96D3F /* Icon-72.png */; };
		22E003891415B7A600D96D3F /* Icon-Small.png in Resources */ = {isa = PBXBuildFile; fileRef = 22E0037A1415B7A600D96D3F /* Icon-Small.png */; };
		22E0038A1415B7A600D96D3F /* Icon-Small-50.png in Resources */ = {isa = PBXBuildFile; fileRef = 22E0037B1415B7A600D96D3F /* Icon-Small-50.png */; };
		22E0038B1415B7A600D96D3F /* Icon-Small@2x.png in Resources */ = {isa = PBXBuildFile; fileRef = 22E0037C1415B7A600D96D3F /* Icon-Small@2x.png */; };
		22E0038C1415B7A600D96D3F /* Default.png in Resources */ = {isa = PBXBuildFile; fileRef = 22E0037D1415B7A600D96D3F /* Default.png */; };
		22E0038D1415B7A600D96D3F /* Default@2x.png in Resources */ = {isa = PBXBuildFile; fileRef = 22E0037E1415B7A600D96D3F /* Default@2x.png */; };
		22E0038E1415B7A600D96D3F /* logo.png in Resources */ = {isa = PBXBuildFile; fileRef = 22E0037F1415B7A600D96D3F /* logo.png */; };
		22E0038F1415B7A600D96D3F /* logo@2x.png in Resources */ = {isa = PBXBuildFile; fileRef = 22E003801415B7A600D96D3F /* logo@2x.png */; };
		22E003901415B7A600D96D3F /* AboutController.xib in Resources */ = {isa = PBXBuildFile; fileRef = 22E003811415B7A600D96D3F /* AboutController.xib */; };
		22E003911415B7A600D96D3F /* DetailController.xib in Resources */ = {isa = PBXBuildFile; fileRef = 22E003821415B7A600D96D3F /* DetailController.xib */; };
		22E003921415B7A600D96D3F /* RootViewController.xib in Resources */ = {isa = PBXBuildFile; fileRef = 22E003831415B7A600D96D3F /* RootViewController.xib */; };
		22E003931415B7A600D96D3F /* MainWindow.xib in Resources */ = {isa = PBXBuildFile; fileRef = 22E003841415B7A600D96D3F /* MainWindow.xib */; };
		22E003F11415BC7F00D96D3F /* CDataScanner.m in Sources */ = {isa = PBXBuildFile; fileRef = 22E003DC1415BC7F00D96D3F /* CDataScanner.m */; };
		22E003F21415BC7F00D96D3F /* CDataScanner_Extensions.m in Sources */ = {isa = PBXBuildFile; fileRef = 22E003DF1415BC7F00D96D3F /* CDataScanner_Extensions.m */; };
		22E003F31415BC7F00D96D3F /* NSCharacterSet_Extensions.m in Sources */ = {isa = PBXBuildFile; fileRef = 22E003E11415BC7F00D96D3F /* NSCharacterSet_Extensions.m */; };
		22E003F41415BC7F00D96D3F /* NSDictionary_JSONExtensions.m in Sources */ = {isa = PBXBuildFile; fileRef = 22E003E31415BC7F00D96D3F /* NSDictionary_JSONExtensions.m */; };
		22E003F51415BC7F00D96D3F /* NSScanner_Extensions.m in Sources */ = {isa = PBXBuildFile; fileRef = 22E003E51415BC7F00D96D3F /* NSScanner_Extensions.m */; };
		22E003F61415BC7F00D96D3F /* CJSONDataSerializer.m in Sources */ = {isa = PBXBuildFile; fileRef = 22E003E81415BC7F00D96D3F /* CJSONDataSerializer.m */; };
		22E003F71415BC7F00D96D3F /* CJSONDeserializer.m in Sources */ = {isa = PBXBuildFile; fileRef = 22E003EA1415BC7F00D96D3F /* CJSONDeserializer.m */; };
		22E003F81415BC7F00D96D3F /* CJSONScanner.m in Sources */ = {isa = PBXBuildFile; fileRef = 22E003EC1415BC7F00D96D3F /* CJSONScanner.m */; };
		22E003F91415BC7F00D96D3F /* CJSONSerializer.m in Sources */ = {isa = PBXBuildFile; fileRef = 22E003EE1415BC7F00D96D3F /* CJSONSerializer.m */; };
		22E003FA1415BC7F00D96D3F /* CSerializedJSONData.m in Sources */ = {isa = PBXBuildFile; fileRef = 22E003F01415BC7F00D96D3F /* CSerializedJSONData.m */; };
		22E004091415BD8C00D96D3F /* CoreLocation.framework in Frameworks */ = {isa = PBXBuildFile; fileRef = 22E004081415BD8C00D96D3F /* CoreLocation.framework */; };
		22E0040B1415BDBC00D96D3F /* AddressBook.framework in Frameworks */ = {isa = PBXBuildFile; fileRef = 22E0040A1415BDBC00D96D3F /* AddressBook.framework */; };
		22E0040D1415BDC300D96D3F /* AudioToolbox.framework in Frameworks */ = {isa = PBXBuildFile; fileRef = 22E0040C1415BDC300D96D3F /* AudioToolbox.framework */; };
		22E0040F1415BDC800D96D3F /* AVFoundation.framework in Frameworks */ = {isa = PBXBuildFile; fileRef = 22E0040E1415BDC800D96D3F /* AVFoundation.framework */; };
		22E004111415BDD000D96D3F /* MapKit.framework in Frameworks */ = {isa = PBXBuildFile; fileRef = 22E004101415BDD000D96D3F /* MapKit.framework */; };
		22E004131415BDE000D96D3F /* libsqlite3.dylib in Frameworks */ = {isa = PBXBuildFile; fileRef = 22E004121415BDE000D96D3F /* libsqlite3.dylib */; };
		22E004151415BDE600D96D3F /* libz.dylib in Frameworks */ = {isa = PBXBuildFile; fileRef = 22E004141415BDE600D96D3F /* libz.dylib */; };
		22E004171415BDEB00D96D3F /* QuartzCore.framework in Frameworks */ = {isa = PBXBuildFile; fileRef = 22E004161415BDEB00D96D3F /* QuartzCore.framework */; };
		22E004191415BDF100D96D3F /* SystemConfiguration.framework in Frameworks */ = {isa = PBXBuildFile; fileRef = 22E004181415BDF100D96D3F /* SystemConfiguration.framework */; };
		22E0041B1415BDF700D96D3F /* MessageUI.framework in Frameworks */ = {isa = PBXBuildFile; fileRef = 22E0041A1415BDF700D96D3F /* MessageUI.framework */; };
		22E1A1411649681000E96DF7 /* libFlurry.a in Frameworks */ = {isa = PBXBuildFile; fileRef = 22E1A1401649681000E96DF7 /* libFlurry.a */; };
/* End PBXBuildFile section */

/* Begin PBXContainerItemProxy section */
		22E0034C1415B5C300D96D3F /* PBXContainerItemProxy */ = {
			isa = PBXContainerItemProxy;
			containerPortal = 22E0031B1415B5C300D96D3F /* Project object */;
			proxyType = 1;
			remoteGlobalIDString = 22E003231415B5C300D96D3F;
			remoteInfo = "Kata Plus";
		};
/* End PBXContainerItemProxy section */

/* Begin PBXFileReference section */
		2290078F16121D7B00C90A5A /* Default-568h@2x.png */ = {isa = PBXFileReference; lastKnownFileType = image.png; path = "Default-568h@2x.png"; sourceTree = "<group>"; };
		229EE8241420F2520023754E /* StoreKit.framework */ = {isa = PBXFileReference; lastKnownFileType = wrapper.framework; name = StoreKit.framework; path = System/Library/Frameworks/StoreKit.framework; sourceTree = SDKROOT; };
		22E003241415B5C300D96D3F /* Kata Plus.app */ = {isa = PBXFileReference; explicitFileType = wrapper.application; includeInIndex = 0; path = "Kata Plus.app"; sourceTree = BUILT_PRODUCTS_DIR; };
		22E003281415B5C300D96D3F /* UIKit.framework */ = {isa = PBXFileReference; lastKnownFileType = wrapper.framework; name = UIKit.framework; path = System/Library/Frameworks/UIKit.framework; sourceTree = SDKROOT; };
		22E0032A1415B5C300D96D3F /* Foundation.framework */ = {isa = PBXFileReference; lastKnownFileType = wrapper.framework; name = Foundation.framework; path = System/Library/Frameworks/Foundation.framework; sourceTree = SDKROOT; };
		22E0032C1415B5C300D96D3F /* CoreGraphics.framework */ = {isa = PBXFileReference; lastKnownFileType = wrapper.framework; name = CoreGraphics.framework; path = System/Library/Frameworks/CoreGraphics.framework; sourceTree = SDKROOT; };
		22E003301415B5C300D96D3F /* Kata Plus-Info.plist */ = {isa = PBXFileReference; lastKnownFileType = text.plist.xml; path = "Kata Plus-Info.plist"; sourceTree = "<group>"; };
		22E003321415B5C300D96D3F /* en */ = {isa = PBXFileReference; lastKnownFileType = text.plist.strings; name = en; path = en.lproj/InfoPlist.strings; sourceTree = "<group>"; };
		22E003341415B5C300D96D3F /* Kata Plus-Prefix.pch */ = {isa = PBXFileReference; lastKnownFileType = sourcecode.c.h; path = "Kata Plus-Prefix.pch"; sourceTree = "<group>"; };
		22E003351415B5C300D96D3F /* main.m */ = {isa = PBXFileReference; lastKnownFileType = sourcecode.c.objc; path = main.m; sourceTree = "<group>"; };
		22E003371415B5C300D96D3F /* Kata_PlusAppDelegate.h */ = {isa = PBXFileReference; lastKnownFileType = sourcecode.c.h; path = Kata_PlusAppDelegate.h; sourceTree = "<group>"; };
		22E003381415B5C300D96D3F /* Kata_PlusAppDelegate.m */ = {isa = PBXFileReference; lastKnownFileType = sourcecode.c.objc; path = Kata_PlusAppDelegate.m; sourceTree = "<group>"; };
		22E0033D1415B5C300D96D3F /* RootViewController.h */ = {isa = PBXFileReference; lastKnownFileType = sourcecode.c.h; path = RootViewController.h; sourceTree = "<group>"; };
		22E0033E1415B5C300D96D3F /* RootViewController.m */ = {isa = PBXFileReference; lastKnownFileType = sourcecode.c.objc; path = RootViewController.m; sourceTree = "<group>"; };
		22E003481415B5C300D96D3F /* Kata PlusTests.octest */ = {isa = PBXFileReference; explicitFileType = wrapper.cfbundle; includeInIndex = 0; path = "Kata PlusTests.octest"; sourceTree = BUILT_PRODUCTS_DIR; };
		22E003501415B5C300D96D3F /* Kata PlusTests-Info.plist */ = {isa = PBXFileReference; lastKnownFileType = text.plist.xml; path = "Kata PlusTests-Info.plist"; sourceTree = "<group>"; };
		22E003521415B5C300D96D3F /* en */ = {isa = PBXFileReference; lastKnownFileType = text.plist.strings; name = en; path = en.lproj/InfoPlist.strings; sourceTree = "<group>"; };
		22E003541415B5C300D96D3F /* Kata PlusTests-Prefix.pch */ = {isa = PBXFileReference; lastKnownFileType = sourcecode.c.h; path = "Kata PlusTests-Prefix.pch"; sourceTree = "<group>"; };
		22E003551415B5C300D96D3F /* Kata_PlusTests.h */ = {isa = PBXFileReference; lastKnownFileType = sourcecode.c.h; path = Kata_PlusTests.h; sourceTree = "<group>"; };
		22E003571415B5C300D96D3F /* Kata_PlusTests.m */ = {isa = PBXFileReference; lastKnownFileType = sourcecode.c.objc; path = Kata_PlusTests.m; sourceTree = "<group>"; };
		22E003661415B75700D96D3F /* Kata.h */ = {isa = PBXFileReference; fileEncoding = 4; lastKnownFileType = sourcecode.c.h; path = Kata.h; sourceTree = "<group>"; };
		22E003671415B75800D96D3F /* Kata.m */ = {isa = PBXFileReference; fileEncoding = 4; lastKnownFileType = sourcecode.c.objc; path = Kata.m; sourceTree = "<group>"; };
		22E003681415B75800D96D3F /* DetailController.h */ = {isa = PBXFileReference; fileEncoding = 4; lastKnownFileType = sourcecode.c.h; path = DetailController.h; sourceTree = "<group>"; };
		22E003691415B75800D96D3F /* DetailController.m */ = {isa = PBXFileReference; fileEncoding = 4; lastKnownFileType = sourcecode.c.objc; path = DetailController.m; sourceTree = "<group>"; };
		22E0036A1415B75800D96D3F /* AddNewController.h */ = {isa = PBXFileReference; fileEncoding = 4; lastKnownFileType = sourcecode.c.h; path = AddNewController.h; sourceTree = "<group>"; };
		22E0036B1415B75800D96D3F /* AddNewController.m */ = {isa = PBXFileReference; fileEncoding = 4; lastKnownFileType = sourcecode.c.objc; path = AddNewController.m; sourceTree = "<group>"; };
		22E0036C1415B75800D96D3F /* AboutController.h */ = {isa = PBXFileReference; fileEncoding = 4; lastKnownFileType = sourcecode.c.h; path = AboutController.h; sourceTree = "<group>"; };
		22E0036D1415B75800D96D3F /* AboutController.m */ = {isa = PBXFileReference; fileEncoding = 4; lastKnownFileType = sourcecode.c.objc; path = AboutController.m; sourceTree = "<group>"; };
		22E0036E1415B75800D96D3F /* UITableViewCellFixed.h */ = {isa = PBXFileReference; fileEncoding = 4; lastKnownFileType = sourcecode.c.h; path = UITableViewCellFixed.h; sourceTree = "<group>"; };
		22E0036F1415B75800D96D3F /* UITableViewCellFixed.m */ = {isa = PBXFileReference; fileEncoding = 4; lastKnownFileType = sourcecode.c.objc; path = UITableViewCellFixed.m; sourceTree = "<group>"; };
		22E003761415B7A600D96D3F /* iTunesArtwork */ = {isa = PBXFileReference; lastKnownFileType = file; path = iTunesArtwork; sourceTree = "<group>"; };
		22E003771415B7A600D96D3F /* Icon.png */ = {isa = PBXFileReference; lastKnownFileType = image.png; path = Icon.png; sourceTree = "<group>"; };
		22E003781415B7A600D96D3F /* Icon@2x.png */ = {isa = PBXFileReference; lastKnownFileType = image.png; path = "Icon@2x.png"; sourceTree = "<group>"; };
		22E003791415B7A600D96D3F /* Icon-72.png */ = {isa = PBXFileReference; lastKnownFileType = image.png; path = "Icon-72.png"; sourceTree = "<group>"; };
		22E0037A1415B7A600D96D3F /* Icon-Small.png */ = {isa = PBXFileReference; lastKnownFileType = image.png; path = "Icon-Small.png"; sourceTree = "<group>"; };
		22E0037B1415B7A600D96D3F /* Icon-Small-50.png */ = {isa = PBXFileReference; lastKnownFileType = image.png; path = "Icon-Small-50.png"; sourceTree = "<group>"; };
		22E0037C1415B7A600D96D3F /* Icon-Small@2x.png */ = {isa = PBXFileReference; lastKnownFileType = image.png; path = "Icon-Small@2x.png"; sourceTree = "<group>"; };
		22E0037D1415B7A600D96D3F /* Default.png */ = {isa = PBXFileReference; lastKnownFileType = image.png; path = Default.png; sourceTree = "<group>"; };
		22E0037E1415B7A600D96D3F /* Default@2x.png */ = {isa = PBXFileReference; lastKnownFileType = image.png; path = "Default@2x.png"; sourceTree = "<group>"; };
		22E0037F1415B7A600D96D3F /* logo.png */ = {isa = PBXFileReference; lastKnownFileType = image.png; path = logo.png; sourceTree = "<group>"; };
		22E003801415B7A600D96D3F /* logo@2x.png */ = {isa = PBXFileReference; lastKnownFileType = image.png; path = "logo@2x.png"; sourceTree = "<group>"; };
		22E003811415B7A600D96D3F /* AboutController.xib */ = {isa = PBXFileReference; fileEncoding = 4; lastKnownFileType = file.xib; path = AboutController.xib; sourceTree = "<group>"; };
		22E003821415B7A600D96D3F /* DetailController.xib */ = {isa = PBXFileReference; fileEncoding = 4; lastKnownFileType = file.xib; path = DetailController.xib; sourceTree = "<group>"; };
		22E003831415B7A600D96D3F /* RootViewController.xib */ = {isa = PBXFileReference; fileEncoding = 4; lastKnownFileType = file.xib; path = RootViewController.xib; sourceTree = "<group>"; };
		22E003841415B7A600D96D3F /* MainWindow.xib */ = {isa = PBXFileReference; fileEncoding = 4; lastKnownFileType = file.xib; path = MainWindow.xib; sourceTree = "<group>"; };
		22E003DB1415BC7F00D96D3F /* CDataScanner.h */ = {isa = PBXFileReference; fileEncoding = 4; lastKnownFileType = sourcecode.c.h; path = CDataScanner.h; sourceTree = "<group>"; };
		22E003DC1415BC7F00D96D3F /* CDataScanner.m */ = {isa = PBXFileReference; fileEncoding = 4; lastKnownFileType = sourcecode.c.objc; path = CDataScanner.m; sourceTree = "<group>"; };
		22E003DE1415BC7F00D96D3F /* CDataScanner_Extensions.h */ = {isa = PBXFileReference; fileEncoding = 4; lastKnownFileType = sourcecode.c.h; path = CDataScanner_Extensions.h; sourceTree = "<group>"; };
		22E003DF1415BC7F00D96D3F /* CDataScanner_Extensions.m */ = {isa = PBXFileReference; fileEncoding = 4; lastKnownFileType = sourcecode.c.objc; path = CDataScanner_Extensions.m; sourceTree = "<group>"; };
		22E003E01415BC7F00D96D3F /* NSCharacterSet_Extensions.h */ = {isa = PBXFileReference; fileEncoding = 4; lastKnownFileType = sourcecode.c.h; path = NSCharacterSet_Extensions.h; sourceTree = "<group>"; };
		22E003E11415BC7F00D96D3F /* NSCharacterSet_Extensions.m */ = {isa = PBXFileReference; fileEncoding = 4; lastKnownFileType = sourcecode.c.objc; path = NSCharacterSet_Extensions.m; sourceTree = "<group>"; };
		22E003E21415BC7F00D96D3F /* NSDictionary_JSONExtensions.h */ = {isa = PBXFileReference; fileEncoding = 4; lastKnownFileType = sourcecode.c.h; path = NSDictionary_JSONExtensions.h; sourceTree = "<group>"; };
		22E003E31415BC7F00D96D3F /* NSDictionary_JSONExtensions.m */ = {isa = PBXFileReference; fileEncoding = 4; lastKnownFileType = sourcecode.c.objc; path = NSDictionary_JSONExtensions.m; sourceTree = "<group>"; };
		22E003E41415BC7F00D96D3F /* NSScanner_Extensions.h */ = {isa = PBXFileReference; fileEncoding = 4; lastKnownFileType = sourcecode.c.h; path = NSScanner_Extensions.h; sourceTree = "<group>"; };
		22E003E51415BC7F00D96D3F /* NSScanner_Extensions.m */ = {isa = PBXFileReference; fileEncoding = 4; lastKnownFileType = sourcecode.c.objc; path = NSScanner_Extensions.m; sourceTree = "<group>"; };
		22E003E71415BC7F00D96D3F /* CJSONDataSerializer.h */ = {isa = PBXFileReference; fileEncoding = 4; lastKnownFileType = sourcecode.c.h; path = CJSONDataSerializer.h; sourceTree = "<group>"; };
		22E003E81415BC7F00D96D3F /* CJSONDataSerializer.m */ = {isa = PBXFileReference; fileEncoding = 4; lastKnownFileType = sourcecode.c.objc; path = CJSONDataSerializer.m; sourceTree = "<group>"; };
		22E003E91415BC7F00D96D3F /* CJSONDeserializer.h */ = {isa = PBXFileReference; fileEncoding = 4; lastKnownFileType = sourcecode.c.h; path = CJSONDeserializer.h; sourceTree = "<group>"; };
		22E003EA1415BC7F00D96D3F /* CJSONDeserializer.m */ = {isa = PBXFileReference; fileEncoding = 4; lastKnownFileType = sourcecode.c.objc; path = CJSONDeserializer.m; sourceTree = "<group>"; };
		22E003EB1415BC7F00D96D3F /* CJSONScanner.h */ = {isa = PBXFileReference; fileEncoding = 4; lastKnownFileType = sourcecode.c.h; path = CJSONScanner.h; sourceTree = "<group>"; };
		22E003EC1415BC7F00D96D3F /* CJSONScanner.m */ = {isa = PBXFileReference; fileEncoding = 4; lastKnownFileType = sourcecode.c.objc; path = CJSONScanner.m; sourceTree = "<group>"; };
		22E003ED1415BC7F00D96D3F /* CJSONSerializer.h */ = {isa = PBXFileReference; fileEncoding = 4; lastKnownFileType = sourcecode.c.h; path = CJSONSerializer.h; sourceTree = "<group>"; };
		22E003EE1415BC7F00D96D3F /* CJSONSerializer.m */ = {isa = PBXFileReference; fileEncoding = 4; lastKnownFileType = sourcecode.c.objc; path = CJSONSerializer.m; sourceTree = "<group>"; };
		22E003EF1415BC7F00D96D3F /* CSerializedJSONData.h */ = {isa = PBXFileReference; fileEncoding = 4; lastKnownFileType = sourcecode.c.h; path = CSerializedJSONData.h; sourceTree = "<group>"; };
		22E003F01415BC7F00D96D3F /* CSerializedJSONData.m */ = {isa = PBXFileReference; fileEncoding = 4; lastKnownFileType = sourcecode.c.objc; path = CSerializedJSONData.m; sourceTree = "<group>"; };
		22E004081415BD8C00D96D3F /* CoreLocation.framework */ = {isa = PBXFileReference; lastKnownFileType = wrapper.framework; name = CoreLocation.framework; path = System/Library/Frameworks/CoreLocation.framework; sourceTree = SDKROOT; };
		22E0040A1415BDBC00D96D3F /* AddressBook.framework */ = {isa = PBXFileReference; lastKnownFileType = wrapper.framework; name = AddressBook.framework; path = System/Library/Frameworks/AddressBook.framework; sourceTree = SDKROOT; };
		22E0040C1415BDC300D96D3F /* AudioToolbox.framework */ = {isa = PBXFileReference; lastKnownFileType = wrapper.framework; name = AudioToolbox.framework; path = System/Library/Frameworks/AudioToolbox.framework; sourceTree = SDKROOT; };
		22E0040E1415BDC800D96D3F /* AVFoundation.framework */ = {isa = PBXFileReference; lastKnownFileType = wrapper.framework; name = AVFoundation.framework; path = System/Library/Frameworks/AVFoundation.framework; sourceTree = SDKROOT; };
		22E004101415BDD000D96D3F /* MapKit.framework */ = {isa = PBXFileReference; lastKnownFileType = wrapper.framework; name = MapKit.framework; path = System/Library/Frameworks/MapKit.framework; sourceTree = SDKROOT; };
		22E004121415BDE000D96D3F /* libsqlite3.dylib */ = {isa = PBXFileReference; lastKnownFileType = "compiled.mach-o.dylib"; name = libsqlite3.dylib; path = usr/lib/libsqlite3.dylib; sourceTree = SDKROOT; };
		22E004141415BDE600D96D3F /* libz.dylib */ = {isa = PBXFileReference; lastKnownFileType = "compiled.mach-o.dylib"; name = libz.dylib; path = usr/lib/libz.dylib; sourceTree = SDKROOT; };
		22E004161415BDEB00D96D3F /* QuartzCore.framework */ = {isa = PBXFileReference; lastKnownFileType = wrapper.framework; name = QuartzCore.framework; path = System/Library/Frameworks/QuartzCore.framework; sourceTree = SDKROOT; };
		22E004181415BDF100D96D3F /* SystemConfiguration.framework */ = {isa = PBXFileReference; lastKnownFileType = wrapper.framework; name = SystemConfiguration.framework; path = System/Library/Frameworks/SystemConfiguration.framework; sourceTree = SDKROOT; };
		22E0041A1415BDF700D96D3F /* MessageUI.framework */ = {isa = PBXFileReference; lastKnownFileType = wrapper.framework; name = MessageUI.framework; path = System/Library/Frameworks/MessageUI.framework; sourceTree = SDKROOT; };
		22E1A13F1649681000E96DF7 /* Flurry.h */ = {isa = PBXFileReference; fileEncoding = 4; lastKnownFileType = sourcecode.c.h; path = Flurry.h; sourceTree = "<group>"; };
		22E1A1401649681000E96DF7 /* libFlurry.a */ = {isa = PBXFileReference; lastKnownFileType = archive.ar; path = libFlurry.a; sourceTree = "<group>"; };
/* End PBXFileReference section */

/* Begin PBXFrameworksBuildPhase section */
		22E003211415B5C300D96D3F /* Frameworks */ = {
			isa = PBXFrameworksBuildPhase;
			buildActionMask = 2147483647;
			files = (
				229EE8251420F2520023754E /* StoreKit.framework in Frameworks */,
				22E0041B1415BDF700D96D3F /* MessageUI.framework in Frameworks */,
				22E004191415BDF100D96D3F /* SystemConfiguration.framework in Frameworks */,
				22E004171415BDEB00D96D3F /* QuartzCore.framework in Frameworks */,
				22E004151415BDE600D96D3F /* libz.dylib in Frameworks */,
				22E004131415BDE000D96D3F /* libsqlite3.dylib in Frameworks */,
				22E004111415BDD000D96D3F /* MapKit.framework in Frameworks */,
				22E0040F1415BDC800D96D3F /* AVFoundation.framework in Frameworks */,
				22E0040D1415BDC300D96D3F /* AudioToolbox.framework in Frameworks */,
				22E0040B1415BDBC00D96D3F /* AddressBook.framework in Frameworks */,
				22E004091415BD8C00D96D3F /* CoreLocation.framework in Frameworks */,
				22E003291415B5C300D96D3F /* UIKit.framework in Frameworks */,
				22E0032B1415B5C300D96D3F /* Foundation.framework in Frameworks */,
				22E0032D1415B5C300D96D3F /* CoreGraphics.framework in Frameworks */,
				22E1A1411649681000E96DF7 /* libFlurry.a in Frameworks */,
			);
			runOnlyForDeploymentPostprocessing = 0;
		};
		22E003441415B5C300D96D3F /* Frameworks */ = {
			isa = PBXFrameworksBuildPhase;
			buildActionMask = 2147483647;
			files = (
				22E003491415B5C300D96D3F /* UIKit.framework in Frameworks */,
				22E0034A1415B5C300D96D3F /* Foundation.framework in Frameworks */,
				22E0034B1415B5C300D96D3F /* CoreGraphics.framework in Frameworks */,
			);
			runOnlyForDeploymentPostprocessing = 0;
		};
/* End PBXFrameworksBuildPhase section */

/* Begin PBXGroup section */
		22E003191415B5C300D96D3F = {
			isa = PBXGroup;
			children = (
				2290078F16121D7B00C90A5A /* Default-568h@2x.png */,
				229EE8241420F2520023754E /* StoreKit.framework */,
				22E0032E1415B5C300D96D3F /* Kata Plus */,
				22E0034E1415B5C300D96D3F /* Kata PlusTests */,
				22E003271415B5C300D96D3F /* Frameworks */,
				22E1A13E1649681000E96DF7 /* Flurry */,
				22E003251415B5C300D96D3F /* Products */,
			);
			sourceTree = "<group>";
		};
		22E003251415B5C300D96D3F /* Products */ = {
			isa = PBXGroup;
			children = (
				22E003241415B5C300D96D3F /* Kata Plus.app */,
				22E003481415B5C300D96D3F /* Kata PlusTests.octest */,
			);
			name = Products;
			sourceTree = "<group>";
		};
		22E003271415B5C300D96D3F /* Frameworks */ = {
			isa = PBXGroup;
			children = (
				22E0041A1415BDF700D96D3F /* MessageUI.framework */,
				22E004181415BDF100D96D3F /* SystemConfiguration.framework */,
				22E004161415BDEB00D96D3F /* QuartzCore.framework */,
				22E004141415BDE600D96D3F /* libz.dylib */,
				22E004121415BDE000D96D3F /* libsqlite3.dylib */,
				22E004101415BDD000D96D3F /* MapKit.framework */,
				22E0040E1415BDC800D96D3F /* AVFoundation.framework */,
				22E0040C1415BDC300D96D3F /* AudioToolbox.framework */,
				22E0040A1415BDBC00D96D3F /* AddressBook.framework */,
				22E004081415BD8C00D96D3F /* CoreLocation.framework */,
				22E003281415B5C300D96D3F /* UIKit.framework */,
				22E0032A1415B5C300D96D3F /* Foundation.framework */,
				22E0032C1415B5C300D96D3F /* CoreGraphics.framework */,
			);
			name = Frameworks;
			sourceTree = "<group>";
		};
		22E0032E1415B5C300D96D3F /* Kata Plus */ = {
			isa = PBXGroup;
			children = (
				22E003371415B5C300D96D3F /* Kata_PlusAppDelegate.h */,
				22E003381415B5C300D96D3F /* Kata_PlusAppDelegate.m */,
				22E0033D1415B5C300D96D3F /* RootViewController.h */,
				22E0033E1415B5C300D96D3F /* RootViewController.m */,
				22E003661415B75700D96D3F /* Kata.h */,
				22E003671415B75800D96D3F /* Kata.m */,
				22E003681415B75800D96D3F /* DetailController.h */,
				22E003691415B75800D96D3F /* DetailController.m */,
				22E0036A1415B75800D96D3F /* AddNewController.h */,
				22E0036B1415B75800D96D3F /* AddNewController.m */,
				22E0036C1415B75800D96D3F /* AboutController.h */,
				22E0036D1415B75800D96D3F /* AboutController.m */,
				22E0036E1415B75800D96D3F /* UITableViewCellFixed.h */,
				22E0036F1415B75800D96D3F /* UITableViewCellFixed.m */,
				22E003DA1415BC7F00D96D3F /* TouchJSON */,
				22E003751415B78A00D96D3F /* Resources */,
				22E0032F1415B5C300D96D3F /* Supporting Files */,
			);
			path = "Kata Plus";
			sourceTree = "<group>";
		};
		22E0032F1415B5C300D96D3F /* Supporting Files */ = {
			isa = PBXGroup;
			children = (
				22E003301415B5C300D96D3F /* Kata Plus-Info.plist */,
				22E003311415B5C300D96D3F /* InfoPlist.strings */,
				22E003341415B5C300D96D3F /* Kata Plus-Prefix.pch */,
				22E003351415B5C300D96D3F /* main.m */,
			);
			name = "Supporting Files";
			sourceTree = "<group>";
		};
		22E0034E1415B5C300D96D3F /* Kata PlusTests */ = {
			isa = PBXGroup;
			children = (
				22E003551415B5C300D96D3F /* Kata_PlusTests.h */,
				22E003571415B5C300D96D3F /* Kata_PlusTests.m */,
				22E0034F1415B5C300D96D3F /* Supporting Files */,
			);
			path = "Kata PlusTests";
			sourceTree = "<group>";
		};
		22E0034F1415B5C300D96D3F /* Supporting Files */ = {
			isa = PBXGroup;
			children = (
				22E003501415B5C300D96D3F /* Kata PlusTests-Info.plist */,
				22E003511415B5C300D96D3F /* InfoPlist.strings */,
				22E003541415B5C300D96D3F /* Kata PlusTests-Prefix.pch */,
			);
			name = "Supporting Files";
			sourceTree = "<group>";
		};
		22E003751415B78A00D96D3F /* Resources */ = {
			isa = PBXGroup;
			children = (
				22E003761415B7A600D96D3F /* iTunesArtwork */,
				22E003771415B7A600D96D3F /* Icon.png */,
				22E003781415B7A600D96D3F /* Icon@2x.png */,
				22E003791415B7A600D96D3F /* Icon-72.png */,
				22E0037A1415B7A600D96D3F /* Icon-Small.png */,
				22E0037B1415B7A600D96D3F /* Icon-Small-50.png */,
				22E0037C1415B7A600D96D3F /* Icon-Small@2x.png */,
				22E0037D1415B7A600D96D3F /* Default.png */,
				22E0037E1415B7A600D96D3F /* Default@2x.png */,
				22E0037F1415B7A600D96D3F /* logo.png */,
				22E003801415B7A600D96D3F /* logo@2x.png */,
				22E003811415B7A600D96D3F /* AboutController.xib */,
				22E003821415B7A600D96D3F /* DetailController.xib */,
				22E003831415B7A600D96D3F /* RootViewController.xib */,
				22E003841415B7A600D96D3F /* MainWindow.xib */,
			);
			name = Resources;
			sourceTree = "<group>";
		};
		22E003DA1415BC7F00D96D3F /* TouchJSON */ = {
			isa = PBXGroup;
			children = (
				22E003DB1415BC7F00D96D3F /* CDataScanner.h */,
				22E003DC1415BC7F00D96D3F /* CDataScanner.m */,
				22E003DD1415BC7F00D96D3F /* Extensions */,
				22E003E61415BC7F00D96D3F /* JSON */,
			);
			path = TouchJSON;
			sourceTree = "<group>";
		};
		22E003DD1415BC7F00D96D3F /* Extensions */ = {
			isa = PBXGroup;
			children = (
				22E003DE1415BC7F00D96D3F /* CDataScanner_Extensions.h */,
				22E003DF1415BC7F00D96D3F /* CDataScanner_Extensions.m */,
				22E003E01415BC7F00D96D3F /* NSCharacterSet_Extensions.h */,
				22E003E11415BC7F00D96D3F /* NSCharacterSet_Extensions.m */,
				22E003E21415BC7F00D96D3F /* NSDictionary_JSONExtensions.h */,
				22E003E31415BC7F00D96D3F /* NSDictionary_JSONExtensions.m */,
				22E003E41415BC7F00D96D3F /* NSScanner_Extensions.h */,
				22E003E51415BC7F00D96D3F /* NSScanner_Extensions.m */,
			);
			path = Extensions;
			sourceTree = "<group>";
		};
		22E003E61415BC7F00D96D3F /* JSON */ = {
			isa = PBXGroup;
			children = (
				22E003E71415BC7F00D96D3F /* CJSONDataSerializer.h */,
				22E003E81415BC7F00D96D3F /* CJSONDataSerializer.m */,
				22E003E91415BC7F00D96D3F /* CJSONDeserializer.h */,
				22E003EA1415BC7F00D96D3F /* CJSONDeserializer.m */,
				22E003EB1415BC7F00D96D3F /* CJSONScanner.h */,
				22E003EC1415BC7F00D96D3F /* CJSONScanner.m */,
				22E003ED1415BC7F00D96D3F /* CJSONSerializer.h */,
				22E003EE1415BC7F00D96D3F /* CJSONSerializer.m */,
				22E003EF1415BC7F00D96D3F /* CSerializedJSONData.h */,
				22E003F01415BC7F00D96D3F /* CSerializedJSONData.m */,
			);
			path = JSON;
			sourceTree = "<group>";
		};
		22E1A13E1649681000E96DF7 /* Flurry */ = {
			isa = PBXGroup;
			children = (
				22E1A13F1649681000E96DF7 /* Flurry.h */,
				22E1A1401649681000E96DF7 /* libFlurry.a */,
			);
			path = Flurry;
			sourceTree = "<group>";
		};
/* End PBXGroup section */

/* Begin PBXNativeTarget section */
		22E003231415B5C300D96D3F /* Kata Plus */ = {
			isa = PBXNativeTarget;
			buildConfigurationList = 22E0035B1415B5C300D96D3F /* Build configuration list for PBXNativeTarget "Kata Plus" */;
			buildPhases = (
				22E003201415B5C300D96D3F /* Sources */,
				22E003211415B5C300D96D3F /* Frameworks */,
				22E003221415B5C300D96D3F /* Resources */,
			);
			buildRules = (
			);
			dependencies = (
			);
			name = "Kata Plus";
			productName = "Kata Plus";
			productReference = 22E003241415B5C300D96D3F /* Kata Plus.app */;
			productType = "com.apple.product-type.application";
		};
		22E003471415B5C300D96D3F /* Kata PlusTests */ = {
			isa = PBXNativeTarget;
			buildConfigurationList = 22E0035E1415B5C300D96D3F /* Build configuration list for PBXNativeTarget "Kata PlusTests" */;
			buildPhases = (
				22E003431415B5C300D96D3F /* Sources */,
				22E003441415B5C300D96D3F /* Frameworks */,
				22E003451415B5C300D96D3F /* Resources */,
				22E003461415B5C300D96D3F /* ShellScript */,
			);
			buildRules = (
			);
			dependencies = (
				22E0034D1415B5C300D96D3F /* PBXTargetDependency */,
			);
			name = "Kata PlusTests";
			productName = "Kata PlusTests";
			productReference = 22E003481415B5C300D96D3F /* Kata PlusTests.octest */;
			productType = "com.apple.product-type.bundle";
		};
/* End PBXNativeTarget section */

/* Begin PBXProject section */
		22E0031B1415B5C300D96D3F /* Project object */ = {
			isa = PBXProject;
			attributes = {
				LastUpgradeCheck = 0440;
				ORGANIZATIONNAME = NA;
			};
			buildConfigurationList = 22E0031E1415B5C300D96D3F /* Build configuration list for PBXProject "Kata Plus" */;
			compatibilityVersion = "Xcode 3.2";
			developmentRegion = English;
			hasScannedForEncodings = 0;
			knownRegions = (
				en,
			);
			mainGroup = 22E003191415B5C300D96D3F;
			productRefGroup = 22E003251415B5C300D96D3F /* Products */;
			projectDirPath = "";
			projectRoot = "";
			targets = (
				22E003231415B5C300D96D3F /* Kata Plus */,
				22E003471415B5C300D96D3F /* Kata PlusTests */,
			);
		};
/* End PBXProject section */

/* Begin PBXResourcesBuildPhase section */
		22E003221415B5C300D96D3F /* Resources */ = {
			isa = PBXResourcesBuildPhase;
			buildActionMask = 2147483647;
			files = (
				22E003331415B5C300D96D3F /* InfoPlist.strings in Resources */,
				22E003851415B7A600D96D3F /* iTunesArtwork in Resources */,
				22E003861415B7A600D96D3F /* Icon.png in Resources */,
				22E003871415B7A600D96D3F /* Icon@2x.png in Resources */,
				22E003881415B7A600D96D3F /* Icon-72.png in Resources */,
				22E003891415B7A600D96D3F /* Icon-Small.png in Resources */,
				22E0038A1415B7A600D96D3F /* Icon-Small-50.png in Resources */,
				22E0038B1415B7A600D96D3F /* Icon-Small@2x.png in Resources */,
				22E0038C1415B7A600D96D3F /* Default.png in Resources */,
				22E0038D1415B7A600D96D3F /* Default@2x.png in Resources */,
				22E0038E1415B7A600D96D3F /* logo.png in Resources */,
				22E0038F1415B7A600D96D3F /* logo@2x.png in Resources */,
				22E003901415B7A600D96D3F /* AboutController.xib in Resources */,
				22E003911415B7A600D96D3F /* DetailController.xib in Resources */,
				22E003921415B7A600D96D3F /* RootViewController.xib in Resources */,
				22E003931415B7A600D96D3F /* MainWindow.xib in Resources */,
				2290079016121D7B00C90A5A /* Default-568h@2x.png in Resources */,
			);
			runOnlyForDeploymentPostprocessing = 0;
		};
		22E003451415B5C300D96D3F /* Resources */ = {
			isa = PBXResourcesBuildPhase;
			buildActionMask = 2147483647;
			files = (
				22E003531415B5C300D96D3F /* InfoPlist.strings in Resources */,
				22E003561415B5C300D96D3F /* Kata_PlusTests.h in Resources */,
			);
			runOnlyForDeploymentPostprocessing = 0;
		};
/* End PBXResourcesBuildPhase section */

/* Begin PBXShellScriptBuildPhase section */
		22E003461415B5C300D96D3F /* ShellScript */ = {
			isa = PBXShellScriptBuildPhase;
			buildActionMask = 2147483647;
			files = (
			);
			inputPaths = (
			);
			outputPaths = (
			);
			runOnlyForDeploymentPostprocessing = 0;
			shellPath = /bin/sh;
			shellScript = "# Run the unit tests in this test bundle.\n\"${SYSTEM_DEVELOPER_DIR}/Tools/RunUnitTests\"\n";
		};
/* End PBXShellScriptBuildPhase section */

/* Begin PBXSourcesBuildPhase section */
		22E003201415B5C300D96D3F /* Sources */ = {
			isa = PBXSourcesBuildPhase;
			buildActionMask = 2147483647;
			files = (
				22E003361415B5C300D96D3F /* main.m in Sources */,
				22E003391415B5C300D96D3F /* Kata_PlusAppDelegate.m in Sources */,
				22E0033F1415B5C300D96D3F /* RootViewController.m in Sources */,
				22E003701415B75800D96D3F /* Kata.m in Sources */,
				22E003711415B75800D96D3F /* DetailController.m in Sources */,
				22E003721415B75800D96D3F /* AddNewController.m in Sources */,
				22E003731415B75800D96D3F /* AboutController.m in Sources */,
				22E003741415B75800D96D3F /* UITableViewCellFixed.m in Sources */,
				22E003F11415BC7F00D96D3F /* CDataScanner.m in Sources */,
				22E003F21415BC7F00D96D3F /* CDataScanner_Extensions.m in Sources */,
				22E003F31415BC7F00D96D3F /* NSCharacterSet_Extensions.m in Sources */,
				22E003F41415BC7F00D96D3F /* NSDictionary_JSONExtensions.m in Sources */,
				22E003F51415BC7F00D96D3F /* NSScanner_Extensions.m in Sources */,
				22E003F61415BC7F00D96D3F /* CJSONDataSerializer.m in Sources */,
				22E003F71415BC7F00D96D3F /* CJSONDeserializer.m in Sources */,
				22E003F81415BC7F00D96D3F /* CJSONScanner.m in Sources */,
				22E003F91415BC7F00D96D3F /* CJSONSerializer.m in Sources */,
				22E003FA1415BC7F00D96D3F /* CSerializedJSONData.m in Sources */,
			);
			runOnlyForDeploymentPostprocessing = 0;
		};
		22E003431415B5C300D96D3F /* Sources */ = {
			isa = PBXSourcesBuildPhase;
			buildActionMask = 2147483647;
			files = (
				22E003581415B5C300D96D3F /* Kata_PlusTests.m in Sources */,
			);
			runOnlyForDeploymentPostprocessing = 0;
		};
/* End PBXSourcesBuildPhase section */

/* Begin PBXTargetDependency section */
		22E0034D1415B5C300D96D3F /* PBXTargetDependency */ = {
			isa = PBXTargetDependency;
			target = 22E003231415B5C300D96D3F /* Kata Plus */;
			targetProxy = 22E0034C1415B5C300D96D3F /* PBXContainerItemProxy */;
		};
/* End PBXTargetDependency section */

/* Begin PBXVariantGroup section */
		22E003311415B5C300D96D3F /* InfoPlist.strings */ = {
			isa = PBXVariantGroup;
			children = (
				22E003321415B5C300D96D3F /* en */,
			);
			name = InfoPlist.strings;
			sourceTree = "<group>";
		};
		22E003511415B5C300D96D3F /* InfoPlist.strings */ = {
			isa = PBXVariantGroup;
			children = (
				22E003521415B5C300D96D3F /* en */,
			);
			name = InfoPlist.strings;
			sourceTree = "<group>";
		};
/* End PBXVariantGroup section */

/* Begin XCBuildConfiguration section */
		229EE7A41415C1710023754E /* Distribution */ = {
			isa = XCBuildConfiguration;
			buildSettings = {
				ARCHS = "$(ARCHS_STANDARD_32_BIT)";
				"CODE_SIGN_IDENTITY[sdk=iphoneos*]" = "iPhone Developer";
				GCC_C_LANGUAGE_STANDARD = gnu99;
				GCC_VERSION = com.apple.compilers.llvmgcc42;
				GCC_WARN_ABOUT_RETURN_TYPE = YES;
				GCC_WARN_UNUSED_VARIABLE = YES;
				IPHONEOS_DEPLOYMENT_TARGET = 3.0;
				OTHER_CFLAGS = "-DNS_BLOCK_ASSERTIONS=1";
				SDKROOT = iphoneos;
			};
			name = Distribution;
		};
		229EE7A51415C1710023754E /* Distribution */ = {
			isa = XCBuildConfiguration;
			buildSettings = {
				ALWAYS_SEARCH_USER_PATHS = NO;
				"CODE_SIGN_IDENTITY[sdk=iphoneos*]" = "iPhone Distribution: Obdurodon LLC";
				COPY_PHASE_STRIP = YES;
				GCC_PRECOMPILE_PREFIX_HEADER = YES;
				GCC_PREFIX_HEADER = "Kata Plus/Kata Plus-Prefix.pch";
				GCC_VERSION = com.apple.compilers.llvm.clang.1_0;
				INFOPLIST_FILE = "Kata Plus/Kata Plus-Info.plist";
				IPHONEOS_DEPLOYMENT_TARGET = 3.0;
				LIBRARY_SEARCH_PATHS = (
					"$(inherited)",
					"\"$(SRCROOT)/Kata Plus/GoogleAdMobAdsSDK\"",
					"\"$(SRCROOT)/Flurry\"",
				);
				PRODUCT_NAME = "$(TARGET_NAME)";
				"PROVISIONING_PROFILE[sdk=iphoneos*]" = "078C1375-B5E7-4827-B71A-AEBD0664C945";
				VALIDATE_PRODUCT = YES;
				WRAPPER_EXTENSION = app;
			};
			name = Distribution;
		};
		229EE7A61415C1710023754E /* Distribution */ = {
			isa = XCBuildConfiguration;
			buildSettings = {
				ALWAYS_SEARCH_USER_PATHS = NO;
				BUNDLE_LOADER = "$(BUILT_PRODUCTS_DIR)/Kata Plus.app/Kata Plus";
				FRAMEWORK_SEARCH_PATHS = (
					"$(SDKROOT)/Developer/Library/Frameworks",
					"$(DEVELOPER_LIBRARY_DIR)/Frameworks",
				);
				GCC_PRECOMPILE_PREFIX_HEADER = YES;
				GCC_PREFIX_HEADER = "Kata PlusTests/Kata PlusTests-Prefix.pch";
				GCC_VERSION = com.apple.compilers.llvm.clang.1_0;
				INFOPLIST_FILE = "Kata PlusTests/Kata PlusTests-Info.plist";
				OTHER_LDFLAGS = (
					"-framework",
					SenTestingKit,
				);
				PRODUCT_NAME = "$(TARGET_NAME)";
				TEST_HOST = "$(BUNDLE_LOADER)";
				WRAPPER_EXTENSION = octest;
			};
			name = Distribution;
		};
		22E003591415B5C300D96D3F /* Debug */ = {
			isa = XCBuildConfiguration;
			buildSettings = {
				ARCHS = "$(ARCHS_STANDARD_32_BIT)";
				"CODE_SIGN_IDENTITY[sdk=iphoneos*]" = "iPhone Developer";
				GCC_C_LANGUAGE_STANDARD = gnu99;
				GCC_OPTIMIZATION_LEVEL = 0;
				GCC_PREPROCESSOR_DEFINITIONS = DEBUG;
				GCC_SYMBOLS_PRIVATE_EXTERN = NO;
				GCC_VERSION = com.apple.compilers.llvmgcc42;
				GCC_WARN_ABOUT_RETURN_TYPE = YES;
				GCC_WARN_UNUSED_VARIABLE = YES;
				IPHONEOS_DEPLOYMENT_TARGET = 3.0;
				SDKROOT = iphoneos;
			};
			name = Debug;
		};
		22E0035A1415B5C300D96D3F /* Release */ = {
			isa = XCBuildConfiguration;
			buildSettings = {
				ARCHS = "$(ARCHS_STANDARD_32_BIT)";
				"CODE_SIGN_IDENTITY[sdk=iphoneos*]" = "iPhone Developer";
				GCC_C_LANGUAGE_STANDARD = gnu99;
				GCC_VERSION = com.apple.compilers.llvmgcc42;
				GCC_WARN_ABOUT_RETURN_TYPE = YES;
				GCC_WARN_UNUSED_VARIABLE = YES;
				IPHONEOS_DEPLOYMENT_TARGET = 3.0;
				OTHER_CFLAGS = "-DNS_BLOCK_ASSERTIONS=1";
				SDKROOT = iphoneos;
			};
			name = Release;
		};
		22E0035C1415B5C300D96D3F /* Debug */ = {
			isa = XCBuildConfiguration;
			buildSettings = {
				ALWAYS_SEARCH_USER_PATHS = NO;
				"CODE_SIGN_IDENTITY[sdk=iphoneos*]" = "iPhone Developer: Timothy Waterhouse (NGLU4UZH43)";
				COPY_PHASE_STRIP = NO;
				GCC_DYNAMIC_NO_PIC = NO;
				GCC_PRECOMPILE_PREFIX_HEADER = YES;
				GCC_PREFIX_HEADER = "Kata Plus/Kata Plus-Prefix.pch";
				GCC_VERSION = com.apple.compilers.llvm.clang.1_0;
				INFOPLIST_FILE = "Kata Plus/Kata Plus-Info.plist";
				IPHONEOS_DEPLOYMENT_TARGET = 3.0;
				LIBRARY_SEARCH_PATHS = (
					"$(inherited)",
					"\"$(SRCROOT)/Kata Plus/GoogleAdMobAdsSDK\"",
					"\"$(SRCROOT)/Flurry\"",
				);
				PRODUCT_NAME = "$(TARGET_NAME)";
				"PROVISIONING_PROFILE[sdk=iphoneos*]" = "A89803A7-2EBD-4088-8804-629409DED09D";
				WRAPPER_EXTENSION = app;
			};
			name = Debug;
		};
		22E0035D1415B5C300D96D3F /* Release */ = {
			isa = XCBuildConfiguration;
			buildSettings = {
				ALWAYS_SEARCH_USER_PATHS = NO;
				COPY_PHASE_STRIP = YES;
				GCC_PRECOMPILE_PREFIX_HEADER = YES;
				GCC_PREFIX_HEADER = "Kata Plus/Kata Plus-Prefix.pch";
				GCC_VERSION = com.apple.compilers.llvm.clang.1_0;
				INFOPLIST_FILE = "Kata Plus/Kata Plus-Info.plist";
				IPHONEOS_DEPLOYMENT_TARGET = 3.0;
				LIBRARY_SEARCH_PATHS = (
					"$(inherited)",
					"\"$(SRCROOT)/Kata Plus/GoogleAdMobAdsSDK\"",
					"\"$(SRCROOT)/Flurry\"",
				);
				PRODUCT_NAME = "$(TARGET_NAME)";
				VALIDATE_PRODUCT = YES;
				WRAPPER_EXTENSION = app;
			};
			name = Release;
		};
		22E0035F1415B5C300D96D3F /* Debug */ = {
			isa = XCBuildConfiguration;
			buildSettings = {
				ALWAYS_SEARCH_USER_PATHS = NO;
				BUNDLE_LOADER = "$(BUILT_PRODUCTS_DIR)/Kata Plus.app/Kata Plus";
				FRAMEWORK_SEARCH_PATHS = (
					"$(SDKROOT)/Developer/Library/Frameworks",
					"$(DEVELOPER_LIBRARY_DIR)/Frameworks",
				);
				GCC_PRECOMPILE_PREFIX_HEADER = YES;
				GCC_PREFIX_HEADER = "Kata PlusTests/Kata PlusTests-Prefix.pch";
				GCC_VERSION = com.apple.compilers.llvm.clang.1_0;
				INFOPLIST_FILE = "Kata PlusTests/Kata PlusTests-Info.plist";
				OTHER_LDFLAGS = (
					"-framework",
					SenTestingKit,
				);
				PRODUCT_NAME = "$(TARGET_NAME)";
				TEST_HOST = "$(BUNDLE_LOADER)";
				WRAPPER_EXTENSION = octest;
			};
			name = Debug;
		};
		22E003601415B5C300D96D3F /* Release */ = {
			isa = XCBuildConfiguration;
			buildSettings = {
				ALWAYS_SEARCH_USER_PATHS = NO;
				BUNDLE_LOADER = "$(BUILT_PRODUCTS_DIR)/Kata Plus.app/Kata Plus";
				FRAMEWORK_SEARCH_PATHS = (
					"$(SDKROOT)/Developer/Library/Frameworks",
					"$(DEVELOPER_LIBRARY_DIR)/Frameworks",
				);
				GCC_PRECOMPILE_PREFIX_HEADER = YES;
				GCC_PREFIX_HEADER = "Kata PlusTests/Kata PlusTests-Prefix.pch";
				GCC_VERSION = com.apple.compilers.llvm.clang.1_0;
				INFOPLIST_FILE = "Kata PlusTests/Kata PlusTests-Info.plist";
				OTHER_LDFLAGS = (
					"-framework",
					SenTestingKit,
				);
				PRODUCT_NAME = "$(TARGET_NAME)";
				TEST_HOST = "$(BUNDLE_LOADER)";
				WRAPPER_EXTENSION = octest;
			};
			name = Release;
		};
/* End XCBuildConfiguration section */

/* Begin XCConfigurationList section */
		22E0031E1415B5C300D96D3F /* Build configuration list for PBXProject "Kata Plus" */ = {
			isa = XCConfigurationList;
			buildConfigurations = (
				22E003591415B5C300D96D3F /* Debug */,
				22E0035A1415B5C300D96D3F /* Release */,
				229EE7A41415C1710023754E /* Distribution */,
			);
			defaultConfigurationIsVisible = 0;
			defaultConfigurationName = Release;
		};
		22E0035B1415B5C300D96D3F /* Build configuration list for PBXNativeTarget "Kata Plus" */ = {
			isa = XCConfigurationList;
			buildConfigurations = (
				22E0035C1415B5C300D96D3F /* Debug */,
				22E0035D1415B5C300D96D3F /* Release */,
				229EE7A51415C1710023754E /* Distribution */,
			);
			defaultConfigurationIsVisible = 0;
			defaultConfigurationName = Release;
		};
		22E0035E1415B5C300D96D3F /* Build configuration list for PBXNativeTarget "Kata PlusTests" */ = {
			isa = XCConfigurationList;
			buildConfigurations = (
				22E0035F1415B5C300D96D3F /* Debug */,
				22E003601415B5C300D96D3F /* Release */,
				229EE7A61415C1710023754E /* Distribution */,
			);
			defaultConfigurationIsVisible = 0;
			defaultConfigurationName = Release;
		};
/* End XCConfigurationList section */
	};
	rootObject = 22E0031B1415B5C300D96D3F /* Project object */;
}
